
Microsoft Visual Studio Solution File, Format Version 12.00
# Visual Studio Version 17
VisualStudioVersion = 17.1.32210.238
MinimumVisualStudioVersion = 10.0.40219.1
Project("{9A19103F-16F7-4668-BE54-9A1E7A4F7556}") = "CleanArchitecture.Data", "CleanArchitecture.Data\CleanArchitecture.Data.csproj", "{F314AD25-DA0B-41E9-ADA3-2BB0654C8E8C}"
EndProject
Project("{9A19103F-16F7-4668-BE54-9A1E7A4F7556}") = "CleanAcrchitecture.Domain", "CleanAcrchitecture.Domain\CleanAcrchitecture.Domain.csproj", "{36716B3C-4EAA-40F1-820E-7ABABC78842F}"
EndProject
Global
	GlobalSection(SolutionConfigurationPlatforms) = preSolution
		Debug|Any CPU = Debug|Any CPU
		Release|Any CPU = Release|Any CPU
	EndGlobalSection
	GlobalSection(ProjectConfigurationPlatforms) = postSolution
		{F314AD25-DA0B-41E9-ADA3-2BB0654C8E8C}.Debug|Any CPU.ActiveCfg = Debug|Any CPU
		{F314AD25-DA0B-41E9-ADA3-2BB0654C8E8C}.Debug|Any CPU.Build.0 = Debug|Any CPU
		{F314AD25-DA0B-41E9-ADA3-2BB0654C8E8C}.Release|Any CPU.ActiveCfg = Release|Any CPU
		{F314AD25-DA0B-41E9-ADA3-2BB0654C8E8C}.Release|Any CPU.Build.0 = Release|Any CPU
		{36716B3C-4EAA-40F1-820E-7ABABC78842F}.Debug|Any CPU.ActiveCfg = Debug|Any CPU
		{36716B3C-4EAA-40F1-820E-7ABABC78842F}.Debug|Any CPU.Build.0 = Debug|Any CPU
		{36716B3C-4EAA-40F1-820E-7ABABC78842F}.Release|Any CPU.ActiveCfg = Release|Any CPU
		{36716B3C-4EAA-40F1-820E-7ABABC78842F}.Release|Any CPU.Build.0 = Release|Any CPU
	EndGlobalSection
	GlobalSection(SolutionProperties) = preSolution
		HideSolutionNode = FALSE
	EndGlobalSection
	GlobalSection(ExtensibilityGlobals) = postSolution
		SolutionGuid = {7B1DEE24-24D4-43DB-876C-25179C1D0E40}
	EndGlobalSection
EndGlobal
